
Microsoft Visual Studio Solution File, Format Version 12.00
# Visual Studio Version 16
VisualStudioVersion = 16.0.34407.143
MinimumVisualStudioVersion = 10.0.40219.1
Project("{FAE04EC0-301F-11D3-BF4B-00C04F79EFBC}") = "CarInsurance", "CarInsurance.csproj", "{5230594C-3C1B-4453-9567-374273F82F8E}"
EndProject
Global
	GlobalSection(SolutionConfigurationPlatforms) = preSolution
		Debug|Any CPU = Debug|Any CPU
		Release|Any CPU = Release|Any CPU
	EndGlobalSection
	GlobalSection(ProjectConfigurationPlatforms) = postSolution
		{5230594C-3C1B-4453-9567-374273F82F8E}.Debug|Any CPU.ActiveCfg = Debug|Any CPU
		{5230594C-3C1B-4453-9567-374273F82F8E}.Debug|Any CPU.Build.0 = Debug|Any CPU
		{5230594C-3C1B-4453-9567-374273F82F8E}.Release|Any CPU.ActiveCfg = Release|Any CPU
		{5230594C-3C1B-4453-9567-374273F82F8E}.Release|Any CPU.Build.0 = Release|Any CPU
	EndGlobalSection
	GlobalSection(SolutionProperties) = preSolution
		HideSolutionNode = FALSE
	EndGlobalSection
	GlobalSection(ExtensibilityGlobals) = postSolution
		SolutionGuid = {5F11F744-55D7-429A-8EE0-A3F0F32AB2D1}
	EndGlobalSection
EndGlobal
